
Microsoft Visual Studio Solution File, Format Version 12.00
# Visual Studio 2017
Project("{FAE04EC0-301F-11D3-BF4B-00C04F79EFBC}") = "Schoenmaatje_Unity", "Schoenmaatje_Unity.csproj", "{0E6DAA1D-1CB0-0F20-18C9-06269E62AC32}"
EndProject
Global
	GlobalSection(SolutionConfigurationPlatforms) = preSolution
		Debug|Any CPU = Debug|Any CPU
		Release|Any CPU = Release|Any CPU
	EndGlobalSection
	GlobalSection(ProjectConfigurationPlatforms) = postSolution
		{0E6DAA1D-1CB0-0F20-18C9-06269E62AC32}.Debug|Any CPU.ActiveCfg = Debug|Any CPU
		{0E6DAA1D-1CB0-0F20-18C9-06269E62AC32}.Debug|Any CPU.Build.0 = Debug|Any CPU
		{0E6DAA1D-1CB0-0F20-18C9-06269E62AC32}.Release|Any CPU.ActiveCfg = Release|Any CPU
		{0E6DAA1D-1CB0-0F20-18C9-06269E62AC32}.Release|Any CPU.Build.0 = Release|Any CPU
	EndGlobalSection
	GlobalSection(SolutionProperties) = preSolution
		HideSolutionNode = FALSE
	EndGlobalSection
EndGlobal
